github.com/rodrigocfd/windigo v0.2.5 h1:gLUh+x+W094CaVpkbtewrEIpBXvdfDxyI7NkOVT/TtY=
github.com/rodrigocfd/windigo v0.2.5/go.mod h1:3zHhLYU08CkrMx5cdPlmC1HObT8fSldWtfS8cnSRzYo=
github.com/rodrigocfd/windigo v0.2.6-0.20260314115555-483b8c785ab3 h1:LOeJvW/rjqpVWhwF6HDSa5wI19o62ubjOmFt6EPEgng=
github.com/rodrigocfd/windigo v0.2.6-0.20260314115555-483b8c785ab3/go.mod h1:3zHhLYU08CkrMx5cdPlmC1HObT8fSldWtfS8cnSRzYo=
